
Microsoft Visual Studio Solution File, Format Version 12.00
# Visual Studio Version 16
VisualStudioVersion = 16.0.30907.101
MinimumVisualStudioVersion = 10.0.40219.1
Project("{9A19103F-16F7-4668-BE54-9A1E7A4F7556}") = "Api.Core", "Api.Core\Api.Core.csproj", "{8B795452-A592-4195-98DD-F3E8ED733CC4}"
EndProject
Project("{9A19103F-16F7-4668-BE54-9A1E7A4F7556}") = "Api.infrastructure", "Api.infrastructure\Api.infrastructure.csproj", "{A4C633F6-D063-4AFB-8437-2600A4D3CAAE}"
EndProject
Project("{2150E333-8FDC-42A3-9474-1A3956D46DE8}") = "Account", "Account", "{88967576-0DB2-4065-A515-175B08593024}"
EndProject
Project("{9A19103F-16F7-4668-BE54-9A1E7A4F7556}") = "AccountService.Domain", "AccountService.Domain\AccountService.Domain.csproj", "{8EB00A95-2252-4D82-BEDE-CA94A43569B5}"
EndProject
Project("{2150E333-8FDC-42A3-9474-1A3956D46DE8}") = "Infastructure", "Infastructure", "{31B284EA-AE3E-4AF8-A302-5A0BC8983FCC}"
EndProject
Project("{9A19103F-16F7-4668-BE54-9A1E7A4F7556}") = "Foundation.CQRS", "Foundation.CQRS\Foundation.CQRS.csproj", "{8C60494C-A289-4409-A387-EEEA0CE5F12D}"
EndProject
Project("{9A19103F-16F7-4668-BE54-9A1E7A4F7556}") = "ApiGateway", "ApiGateway\ApiGateway.csproj", "{E3F34752-A734-450B-9632-AE467E3923F9}"
EndProject
Project("{9A19103F-16F7-4668-BE54-9A1E7A4F7556}") = "AccountService.Api", "AccountService.Api\AccountService.Api.csproj", "{9812092E-C336-4DC6-831F-C67BC633751A}"
EndProject
Project("{9A19103F-16F7-4668-BE54-9A1E7A4F7556}") = "Foundation.Common", "Foundation.Common\Foundation.Common.csproj", "{EEA6682E-181A-4404-95E1-594971184E5E}"
EndProject
Project("{9A19103F-16F7-4668-BE54-9A1E7A4F7556}") = "AuthClient", "AuthClient\AuthClient.csproj", "{39D9917A-8651-4F47-83A2-6EB1B843CEA8}"
EndProject
Global
	GlobalSection(SolutionConfigurationPlatforms) = preSolution
		Debug|Any CPU = Debug|Any CPU
		Release|Any CPU = Release|Any CPU
	EndGlobalSection
	GlobalSection(ProjectConfigurationPlatforms) = postSolution
		{8B795452-A592-4195-98DD-F3E8ED733CC4}.Debug|Any CPU.ActiveCfg = Debug|Any CPU
		{8B795452-A592-4195-98DD-F3E8ED733CC4}.Debug|Any CPU.Build.0 = Debug|Any CPU
		{8B795452-A592-4195-98DD-F3E8ED733CC4}.Release|Any CPU.ActiveCfg = Release|Any CPU
		{8B795452-A592-4195-98DD-F3E8ED733CC4}.Release|Any CPU.Build.0 = Release|Any CPU
		{A4C633F6-D063-4AFB-8437-2600A4D3CAAE}.Debug|Any CPU.ActiveCfg = Debug|Any CPU
		{A4C633F6-D063-4AFB-8437-2600A4D3CAAE}.Debug|Any CPU.Build.0 = Debug|Any CPU
		{A4C633F6-D063-4AFB-8437-2600A4D3CAAE}.Release|Any CPU.ActiveCfg = Release|Any CPU
		{A4C633F6-D063-4AFB-8437-2600A4D3CAAE}.Release|Any CPU.Build.0 = Release|Any CPU
		{8EB00A95-2252-4D82-BEDE-CA94A43569B5}.Debug|Any CPU.ActiveCfg = Debug|Any CPU
		{8EB00A95-2252-4D82-BEDE-CA94A43569B5}.Debug|Any CPU.Build.0 = Debug|Any CPU
		{8EB00A95-2252-4D82-BEDE-CA94A43569B5}.Release|Any CPU.ActiveCfg = Release|Any CPU
		{8EB00A95-2252-4D82-BEDE-CA94A43569B5}.Release|Any CPU.Build.0 = Release|Any CPU
		{8C60494C-A289-4409-A387-EEEA0CE5F12D}.Debug|Any CPU.ActiveCfg = Debug|Any CPU
		{8C60494C-A289-4409-A387-EEEA0CE5F12D}.Debug|Any CPU.Build.0 = Debug|Any CPU
		{8C60494C-A289-4409-A387-EEEA0CE5F12D}.Release|Any CPU.ActiveCfg = Release|Any CPU
		{8C60494C-A289-4409-A387-EEEA0CE5F12D}.Release|Any CPU.Build.0 = Release|Any CPU
		{E3F34752-A734-450B-9632-AE467E3923F9}.Debug|Any CPU.ActiveCfg = Debug|Any CPU
		{E3F34752-A734-450B-9632-AE467E3923F9}.Debug|Any CPU.Build.0 = Debug|Any CPU
		{E3F34752-A734-450B-9632-AE467E3923F9}.Release|Any CPU.ActiveCfg = Release|Any CPU
		{E3F34752-A734-450B-9632-AE467E3923F9}.Release|Any CPU.Build.0 = Release|Any CPU
		{9812092E-C336-4DC6-831F-C67BC633751A}.Debug|Any CPU.ActiveCfg = Debug|Any CPU
		{9812092E-C336-4DC6-831F-C67BC633751A}.Debug|Any CPU.Build.0 = Debug|Any CPU
		{9812092E-C336-4DC6-831F-C67BC633751A}.Release|Any CPU.ActiveCfg = Release|Any CPU
		{9812092E-C336-4DC6-831F-C67BC633751A}.Release|Any CPU.Build.0 = Release|Any CPU
		{EEA6682E-181A-4404-95E1-594971184E5E}.Debug|Any CPU.ActiveCfg = Debug|Any CPU
		{EEA6682E-181A-4404-95E1-594971184E5E}.Debug|Any CPU.Build.0 = Debug|Any CPU
		{EEA6682E-181A-4404-95E1-594971184E5E}.Release|Any CPU.ActiveCfg = Release|Any CPU
		{EEA6682E-181A-4404-95E1-594971184E5E}.Release|Any CPU.Build.0 = Release|Any CPU
		{39D9917A-8651-4F47-83A2-6EB1B843CEA8}.Debug|Any CPU.ActiveCfg = Debug|Any CPU
		{39D9917A-8651-4F47-83A2-6EB1B843CEA8}.Debug|Any CPU.Build.0 = Debug|Any CPU
		{39D9917A-8651-4F47-83A2-6EB1B843CEA8}.Release|Any CPU.ActiveCfg = Release|Any CPU
		{39D9917A-8651-4F47-83A2-6EB1B843CEA8}.Release|Any CPU.Build.0 = Release|Any CPU
	EndGlobalSection
	GlobalSection(SolutionProperties) = preSolution
		HideSolutionNode = FALSE
	EndGlobalSection
	GlobalSection(NestedProjects) = preSolution
		{8EB00A95-2252-4D82-BEDE-CA94A43569B5} = {88967576-0DB2-4065-A515-175B08593024}
		{8C60494C-A289-4409-A387-EEEA0CE5F12D} = {31B284EA-AE3E-4AF8-A302-5A0BC8983FCC}
		{9812092E-C336-4DC6-831F-C67BC633751A} = {88967576-0DB2-4065-A515-175B08593024}
		{EEA6682E-181A-4404-95E1-594971184E5E} = {31B284EA-AE3E-4AF8-A302-5A0BC8983FCC}
	EndGlobalSection
	GlobalSection(ExtensibilityGlobals) = postSolution
		SolutionGuid = {E0188A9B-4885-4501-B4C9-7105E989B25F}
	EndGlobalSection
EndGlobal
